
Microsoft Visual Studio Solution File, Format Version 12.00
Project("{FAE04EC0-301F-11D3-BF4B-00C04F79EFBC}") = "CSCI-3600-Group-Project", "CSCI-3600-Group-Project.csproj", "{8A3DCAB9-1E1D-46C0-9C92-F3E65712A1DC}"
EndProject
Global
	GlobalSection(SolutionConfigurationPlatforms) = preSolution
		Debug|Any CPU = Debug|Any CPU
		Release|Any CPU = Release|Any CPU
	EndGlobalSection
	GlobalSection(ProjectConfigurationPlatforms) = postSolution
		{8A3DCAB9-1E1D-46C0-9C92-F3E65712A1DC}.Debug|Any CPU.ActiveCfg = Debug|Any CPU
		{8A3DCAB9-1E1D-46C0-9C92-F3E65712A1DC}.Debug|Any CPU.Build.0 = Debug|Any CPU
		{8A3DCAB9-1E1D-46C0-9C92-F3E65712A1DC}.Release|Any CPU.ActiveCfg = Release|Any CPU
		{8A3DCAB9-1E1D-46C0-9C92-F3E65712A1DC}.Release|Any CPU.Build.0 = Release|Any CPU
	EndGlobalSection
EndGlobal
